// !$*UTF8*$!
{
	archiveVersion = 1;
	classes = {
	};
	objectVersion = 46;
	objects = {

/* Begin PBXBuildFile section */
		847A96BD1E9FC9E5007C025C /* AppDelegate.swift in Sources */ = {isa = PBXBuildFile; fileRef = 847A96BC1E9FC9E5007C025C /* AppDelegate.swift */; };
		847A96BF1E9FC9E5007C025C /* ViewController.swift in Sources */ = {isa = PBXBuildFile; fileRef = 847A96BE1E9FC9E5007C025C /* ViewController.swift */; };
		847A96C21E9FC9E5007C025C /* Main.storyboard in Resources */ = {isa = PBXBuildFile; fileRef = 847A96C01E9FC9E5007C025C /* Main.storyboard */; };
		847A96C41E9FC9E5007C025C /* Assets.xcassets in Resources */ = {isa = PBXBuildFile; fileRef = 847A96C31E9FC9E5007C025C /* Assets.xcassets */; };
		847A96C71E9FC9E5007C025C /* LaunchScreen.storyboard in Resources */ = {isa = PBXBuildFile; fileRef = 847A96C51E9FC9E5007C025C /* LaunchScreen.storyboard */; };
		847A96D01E9FD53C007C025C /* Minecraft.ttf in Resources */ = {isa = PBXBuildFile; fileRef = 847A96CE1E9FD51D007C025C /* Minecraft.ttf */; };
/* End PBXBuildFile section */

/* Begin PBXFileReference section */
		847A96B91E9FC9E5007C025C /* RetroCalcStudy.app */ = {isa = PBXFileReference; explicitFileType = wrapper.application; includeInIndex = 0; path = RetroCalcStudy.app; sourceTree = BUILT_PRODUCTS_DIR; };
		847A96BC1E9FC9E5007C025C /* AppDelegate.swift */ = {isa = PBXFileReference; lastKnownFileType = sourcecode.swift; path = AppDelegate.swift; sourceTree = "<group>"; };
		847A96BE1E9FC9E5007C025C /* ViewController.swift */ = {isa = PBXFileReference; lastKnownFileType = sourcecode.swift; path = ViewController.swift; sourceTree = "<group>"; };
		847A96C11E9FC9E5007C025C /* Base */ = {isa = PBXFileReference; lastKnownFileType = file.storyboard; name = Base; path = Base.lproj/Main.storyboard; sourceTree = "<group>"; };
		847A96C31E9FC9E5007C025C /* Assets.xcassets */ = {isa = PBXFileReference; lastKnownFileType = folder.assetcatalog; path = Assets.xcassets; sourceTree = "<group>"; };
		847A96C61E9FC9E5007C025C /* Base */ = {isa = PBXFileReference; lastKnownFileType = file.storyboard; name = Base; path = Base.lproj/LaunchScreen.storyboard; sourceTree = "<group>"; };
		847A96C81E9FC9E5007C025C /* Info.plist */ = {isa = PBXFileReference; lastKnownFileType = text.plist.xml; path = Info.plist; sourceTree = "<group>"; };
		847A96CE1E9FD51D007C025C /* Minecraft.ttf */ = {isa = PBXFileReference; lastKnownFileType = file; path = Minecraft.ttf; sourceTree = "<group>"; };
/* End PBXFileReference section */

/* Begin PBXFrameworksBuildPhase section */
		847A96B61E9FC9E5007C025C /* Frameworks */ = {
			isa = PBXFrameworksBuildPhase;
			buildActionMask = 2147483647;
			files = (
			);
			runOnlyForDeploymentPostprocessing = 0;
		};
/* End PBXFrameworksBuildPhase section */

/* Begin PBXGroup section */
		847A96B01E9FC9E5007C025C = {
			isa = PBXGroup;
			children = (
				847A96BB1E9FC9E5007C025C /* RetroCalcStudy */,
				847A96BA1E9FC9E5007C025C /* Products */,
			);
			sourceTree = "<group>";
		};
		847A96BA1E9FC9E5007C025C /* Products */ = {
			isa = PBXGroup;
			children = (
				847A96B91E9FC9E5007C025C /* RetroCalcStudy.app */,
			);
			name = Products;
			sourceTree = "<group>";
		};
		847A96BB1E9FC9E5007C025C /* RetroCalcStudy */ = {
			isa = PBXGroup;
			children = (
				847A96CE1E9FD51D007C025C /* Minecraft.ttf */,
				847A96BC1E9FC9E5007C025C /* AppDelegate.swift */,
				847A96BE1E9FC9E5007C025C /* ViewController.swift */,
				847A96C01E9FC9E5007C025C /* Main.storyboard */,
				847A96C31E9FC9E5007C025C /* Assets.xcassets */,
				847A96C51E9FC9E5007C025C /* LaunchScreen.storyboard */,
				847A96C81E9FC9E5007C025C /* Info.plist */,
			);
			path = RetroCalcStudy;
			sourceTree = "<group>";
		};
/* End PBXGroup section */

/* Begin PBXNativeTarget section */
		847A96B81E9FC9E5007C025C /* RetroCalcStudy */ = {
			isa = PBXNativeTarget;
			buildConfigurationList = 847A96CB1E9FC9E5007C025C /* Build configuration list for PBXNativeTarget "RetroCalcStudy" */;
			buildPhases = (
				847A96B51E9FC9E5007C025C /* Sources */,
				847A96B61E9FC9E5007C025C /* Frameworks */,
				847A96B71E9FC9E5007C025C /* Resources */,
			);
			buildRules = (
			);
			dependencies = (
			);
			name = RetroCalcStudy;
			productName = RetroCalcStudy;
			productReference = 847A96B91E9FC9E5007C025C /* RetroCalcStudy.app */;
			productType = "com.apple.product-type.application";
		};
/* End PBXNativeTarget section */

/* Begin PBXProject section */
		847A96B11E9FC9E5007C025C /* Project object */ = {
			isa = PBXProject;
			attributes = {
				LastSwiftUpdateCheck = 0830;
				LastUpgradeCheck = 0830;
				ORGANIZATIONNAME = duongmh3;
				TargetAttributes = {
					847A96B81E9FC9E5007C025C = {
						CreatedOnToolsVersion = 8.3;
						DevelopmentTeam = N4ZJWBGM3S;
						ProvisioningStyle = Automatic;
					};
				};
			};
			buildConfigurationList = 847A96B41E9FC9E5007C025C /* Build configuration list for PBXProject "RetroCalcStudy" */;
			compatibilityVersion = "Xcode 3.2";
			developmentRegion = English;
			hasScannedForEncodings = 0;
			knownRegions = (
				en,
				Base,
			);
			mainGroup = 847A96B01E9FC9E5007C025C;
			productRefGroup = 847A96BA1E9FC9E5007C025C /* Products */;
			projectDirPath = "";
			projectRoot = "";
			targets = (
				847A96B81E9FC9E5007C025C /* RetroCalcStudy */,
			);
		};
/* End PBXProject section */

/* Begin PBXResourcesBuildPhase section */
		847A96B71E9FC9E5007C025C /* Resources */ = {
			isa = PBXResourcesBuildPhase;
			buildActionMask = 2147483647;
			files = (
				847A96D01E9FD53C007C025C /* Minecraft.ttf in Resources */,
				847A96C71E9FC9E5007C025C /* LaunchScreen.storyboard in Resources */,
				847A96C41E9FC9E5007C025C /* Assets.xcassets in Resources */,
				847A96C21E9FC9E5007C025C /* Main.storyboard in Resources */,
			);
			runOnlyForDeploymentPostprocessing = 0;
		};
/* End PBXResourcesBuildPhase section */

/* Begin PBXSourcesBuildPhase section */
		847A96B51E9FC9E5007C025C /* Sources */ = {
			isa = PBXSourcesBuildPhase;
			buildActionMask = 2147483647;
			files = (
				847A96BF1E9FC9E5007C025C /* ViewController.swift in Sources */,
				847A96BD1E9FC9E5007C025C /* AppDelegate.swift in Sources */,
			);
			runOnlyForDeploymentPostprocessing = 0;
		};
/* End PBXSourcesBuildPhase section */

/* Begin PBXVariantGroup section */
		847A96C01E9FC9E5007C025C /* Main.storyboard */ = {
			isa = PBXVariantGroup;
			children = (
				847A96C11E9FC9E5007C025C /* Base */,
			);
			name = Main.storyboard;
			sourceTree = "<group>";
		};
		847A96C51E9FC9E5007C025C /* LaunchScreen.storyboard */ = {
			isa = PBXVariantGroup;
			children = (
				847A96C61E9FC9E5007C025C /* Base */,
			);
			name = LaunchScreen.storyboard;
			sourceTree = "<group>";
		};
/* End PBXVariantGroup section */

/* Begin XCBuildConfiguration section */
		847A96C91E9FC9E5007C025C /* Debug */ = {
			isa = XCBuildConfiguration;
			buildSettings = {
				ALWAYS_SEARCH_USER_PATHS = NO;
				CLANG_ANALYZER_NONNULL = YES;
				CLANG_ANALYZER_NUMBER_OBJECT_CONVERSION = YES_AGGRESSIVE;
				CLANG_CXX_LANGUAGE_STANDARD = "gnu++0x";
				CLANG_CXX_LIBRARY = "libc++";
				CLANG_ENABLE_MODULES = YES;
				CLANG_ENABLE_OBJC_ARC = YES;
				CLANG_WARN_BOOL_CONVERSION = YES;
				CLANG_WARN_CONSTANT_CONVERSION = YES;
				CLANG_WARN_DIRECT_OBJC_ISA_USAGE = YES_ERROR;
				CLANG_WARN_DOCUMENTATION_COMMENTS = YES;
				CLANG_WARN_EMPTY_BODY = YES;
				CLANG_WARN_ENUM_CONVERSION = YES;
				CLANG_WARN_INFINITE_RECURSION = YES;
				CLANG_WARN_INT_CONVERSION = YES;
				CLANG_WARN_OBJC_ROOT_CLASS = YES_ERROR;
				CLANG_WARN_SUSPICIOUS_MOVE = YES;
				CLANG_WARN_UNREACHABLE_CODE = YES;
				CLANG_WARN__DUPLICATE_METHOD_MATCH = YES;
				"CODE_SIGN_IDENTITY[sdk=iphoneos*]" = "iPhone Developer";
				COPY_PHASE_STRIP = NO;
				DEBUG_INFORMATION_FORMAT = dwarf;
				ENABLE_STRICT_OBJC_MSGSEND = YES;
				ENABLE_TESTABILITY = YES;
				GCC_C_LANGUAGE_STANDARD = gnu99;
				GCC_DYNAMIC_NO_PIC = NO;
				GCC_NO_COMMON_BLOCKS = YES;
				GCC_OPTIMIZATION_LEVEL = 0;
				GCC_PREPROCESSOR_DEFINITIONS = (
					"DEBUG=1",
					"$(inherited)",
				);
				GCC_WARN_64_TO_32_BIT_CONVERSION = YES;
				GCC_WARN_ABOUT_RETURN_TYPE = YES_ERROR;
				GCC_WARN_UNDECLARED_SELECTOR = YES;
				GCC_WARN_UNINITIALIZED_AUTOS = YES_AGGRESSIVE;
				GCC_WARN_UNUSED_FUNCTION = YES;
				GCC_WARN_UNUSED_VARIABLE = YES;
				IPHONEOS_DEPLOYMENT_TARGET = 10.3;
				MTL_ENABLE_DEBUG_INFO = YES;
				ONLY_ACTIVE_ARCH = YES;
				SDKROOT = iphoneos;
				SWIFT_ACTIVE_COMPILATION_CONDITIONS = DEBUG;
				SWIFT_OPTIMIZATION_LEVEL = "-Onone";
				TARGETED_DEVICE_FAMILY = "1,2";
			};
			name = Debug;
		};
		847A96CA1E9FC9E5007C025C /* Release */ = {
			isa = XCBuildConfiguration;
			buildSettings = {
				ALWAYS_SEARCH_USER_PATHS = NO;
				CLANG_ANALYZER_NONNULL = YES;
				CLANG_ANALYZER_NUMBER_OBJECT_CONVERSION = YES_AGGRESSIVE;
				CLANG_CXX_LANGUAGE_STANDARD = "gnu++0x";
				CLANG_CXX_LIBRARY = "libc++";
				CLANG_ENABLE_MODULES = YES;
				CLANG_ENABLE_OBJC_ARC = YES;
				CLANG_WARN_BOOL_CONVERSION = YES;
				CLANG_WARN_CONSTANT_CONVERSION = YES;
				CLANG_WARN_DIRECT_OBJC_ISA_USAGE = YES_ERROR;
				CLANG_WARN_DOCUMENTATION_COMMENTS = YES;
				CLANG_WARN_EMPTY_BODY = YES;
				CLANG_WARN_ENUM_CONVERSION = YES;
				CLANG_WARN_INFINITE_RECURSION = YES;
				CLANG_WARN_INT_CONVERSION = YES;
				CLANG_WARN_OBJC_ROOT_CLASS = YES_ERROR;
				CLANG_WARN_SUSPICIOUS_MOVE = YES;
				CLANG_WARN_UNREACHABLE_CODE = YES;
				CLANG_WARN__DUPLICATE_METHOD_MATCH = YES;
				"CODE_SIGN_IDENTITY[sdk=iphoneos*]" = "iPhone Developer";
				COPY_PHASE_STRIP = NO;
				DEBUG_INFORMATION_FORMAT = "dwarf-with-dsym";
				ENABLE_NS_ASSERTIONS = NO;
				ENABLE_STRICT_OBJC_MSGSEND = YES;
				GCC_C_LANGUAGE_STANDARD = gnu99;
				GCC_NO_COMMON_BLOCKS = YES;
				GCC_WARN_64_TO_32_BIT_CONVERSION = YES;
				GCC_WARN_ABOUT_RETURN_TYPE = YES_ERROR;
				GCC_WARN_UNDECLARED_SELECTOR = YES;
				GCC_WARN_UNINITIALIZED_AUTOS = YES_AGGRESSIVE;
				GCC_WARN_UNUSED_FUNCTION = YES;
				GCC_WARN_UNUSED_VARIABLE = YES;
				IPHONEOS_DEPLOYMENT_TARGET = 10.3;
				MTL_ENABLE_DEBUG_INFO = NO;
				SDKROOT = iphoneos;
				SWIFT_OPTIMIZATION_LEVEL = "-Owholemodule";
				TARGETED_DEVICE_FAMILY = "1,2";
				VALIDATE_PRODUCT = YES;
			};
			name = Release;
		};
		847A96CC1E9FC9E5007C025C /* Debug */ = {
			isa = XCBuildConfiguration;
			buildSettings = {
				ASSETCATALOG_COMPILER_APPICON_NAME = AppIcon;
				DEVELOPMENT_TEAM = N4ZJWBGM3S;
				INFOPLIST_FILE = RetroCalcStudy/Info.plist;
				LD_RUNPATH_SEARCH_PATHS = "$(inherited) @executable_path/Frameworks";
				PRODUCT_BUNDLE_IDENTIFIER = com.duongmh3.RetroCalcStudy;
				PRODUCT_NAME = "$(TARGET_NAME)";
				SWIFT_VERSION = 3.0;
			};
			name = Debug;
		};
		847A96CD1E9FC9E5007C025C /* Release */ = {
			isa = XCBuildConfiguration;
			buildSettings = {
				ASSETCATALOG_COMPILER_APPICON_NAME = AppIcon;
				DEVELOPMENT_TEAM = N4ZJWBGM3S;
				INFOPLIST_FILE = RetroCalcStudy/Info.plist;
				LD_RUNPATH_SEARCH_PATHS = "$(inherited) @executable_path/Frameworks";
				PRODUCT_BUNDLE_IDENTIFIER = com.duongmh3.RetroCalcStudy;
				PRODUCT_NAME = "$(TARGET_NAME)";
				SWIFT_VERSION = 3.0;
			};
			name = Release;
		};
/* End XCBuildConfiguration section */

/* Begin XCConfigurationList section */
		847A96B41E9FC9E5007C025C /* Build configuration list for PBXProject "RetroCalcStudy" */ = {
			isa = XCConfigurationList;
			buildConfigurations = (
				847A96C91E9FC9E5007C025C /* Debug */,
				847A96CA1E9FC9E5007C025C /* Release */,
			);
			defaultConfigurationIsVisible = 0;
			defaultConfigurationName = Release;
		};
		847A96CB1E9FC9E5007C025C /* Build configuration list for PBXNativeTarget "RetroCalcStudy" */ = {
			isa = XCConfigurationList;
			buildConfigurations = (
				847A96CC1E9FC9E5007C025C /* Debug */,
				847A96CD1E9FC9E5007C025C /* Release */,
			);
			defaultConfigurationIsVisible = 0;
		};
/* End XCConfigurationList section */
	};
	rootObject = 847A96B11E9FC9E5007C025C /* Project object */;
}
